
Microsoft Visual Studio Solution File, Format Version 12.00
# Visual Studio 15
VisualStudioVersion = 15.0.28307.271
MinimumVisualStudioVersion = 10.0.40219.1
Project("{FAE04EC0-301F-11D3-BF4B-00C04F79EFBC}") = "SPC-Linux", "SPC-Linux\SPC-Linux.csproj", "{0380968B-E573-4C20-8E7A-28273C4197AD}"
EndProject
Global
	GlobalSection(SolutionConfigurationPlatforms) = preSolution
		Debug|Any CPU = Debug|Any CPU
		Release|Any CPU = Release|Any CPU
	EndGlobalSection
	GlobalSection(ProjectConfigurationPlatforms) = postSolution
		{0380968B-E573-4C20-8E7A-28273C4197AD}.Debug|Any CPU.ActiveCfg = Debug|Any CPU
		{0380968B-E573-4C20-8E7A-28273C4197AD}.Debug|Any CPU.Build.0 = Debug|Any CPU
		{0380968B-E573-4C20-8E7A-28273C4197AD}.Release|Any CPU.ActiveCfg = Release|Any CPU
		{0380968B-E573-4C20-8E7A-28273C4197AD}.Release|Any CPU.Build.0 = Release|Any CPU
	EndGlobalSection
	GlobalSection(SolutionProperties) = preSolution
		HideSolutionNode = FALSE
	EndGlobalSection
	GlobalSection(ExtensibilityGlobals) = postSolution
		SolutionGuid = {389A8BCF-0735-4297-9C04-F058C8BE6FEB}
	EndGlobalSection
EndGlobal
